
Microsoft Visual Studio Solution File, Format Version 12.00
# Visual Studio Version 17
VisualStudioVersion = 17.11.35222.181
MinimumVisualStudioVersion = 10.0.40219.1
Project("{9A19103F-16F7-4668-BE54-9A1E7A4F7556}") = "Demo.ASP.NET.Core.WebAPI.Server", "Demo.ASP.NET.Core.WebAPI.Server\Demo.ASP.NET.Core.WebAPI.Server.csproj", "{137E5394-8601-48F7-BBDD-B4C8CBDAE1AF}"
EndProject
Project("{9A19103F-16F7-4668-BE54-9A1E7A4F7556}") = "Demo.ASP.NET.Core.Client", "Demo.ASP.NET.Core.Client\Demo.ASP.NET.Core.Client.csproj", "{4D9BA52A-5576-451F-BF02-6E1B6AAB7819}"
EndProject
Global
	GlobalSection(SolutionConfigurationPlatforms) = preSolution
		Debug|Any CPU = Debug|Any CPU
		Release|Any CPU = Release|Any CPU
	EndGlobalSection
	GlobalSection(ProjectConfigurationPlatforms) = postSolution
		{137E5394-8601-48F7-BBDD-B4C8CBDAE1AF}.Debug|Any CPU.ActiveCfg = Debug|Any CPU
		{137E5394-8601-48F7-BBDD-B4C8CBDAE1AF}.Debug|Any CPU.Build.0 = Debug|Any CPU
		{137E5394-8601-48F7-BBDD-B4C8CBDAE1AF}.Release|Any CPU.ActiveCfg = Release|Any CPU
		{137E5394-8601-48F7-BBDD-B4C8CBDAE1AF}.Release|Any CPU.Build.0 = Release|Any CPU
		{4D9BA52A-5576-451F-BF02-6E1B6AAB7819}.Debug|Any CPU.ActiveCfg = Debug|Any CPU
		{4D9BA52A-5576-451F-BF02-6E1B6AAB7819}.Debug|Any CPU.Build.0 = Debug|Any CPU
		{4D9BA52A-5576-451F-BF02-6E1B6AAB7819}.Release|Any CPU.ActiveCfg = Release|Any CPU
		{4D9BA52A-5576-451F-BF02-6E1B6AAB7819}.Release|Any CPU.Build.0 = Release|Any CPU
	EndGlobalSection
	GlobalSection(SolutionProperties) = preSolution
		HideSolutionNode = FALSE
	EndGlobalSection
	GlobalSection(ExtensibilityGlobals) = postSolution
		SolutionGuid = {3F8859CE-5E24-479D-A7E6-4C133CC19007}
	EndGlobalSection
EndGlobal
